
Microsoft Visual Studio Solution File, Format Version 12.00
Project("{2150E333-8FDC-42A3-9474-1A3956D46DE8}") = "src", "src", "{B22FB6B5-2618-4147-AD84-A583629846F2}"
EndProject
Project("{2150E333-8FDC-42A3-9474-1A3956D46DE8}") = "tests", "tests", "{E8D2784D-5971-4B01-A40F-274A1298ECE3}"
EndProject
Project("{2150E333-8FDC-42A3-9474-1A3956D46DE8}") = "docs", "docs", "{9C9CD8FC-C599-4A0D-866E-75C6A0450394}"
	ProjectSection(SolutionItems) = preProject
		docs\references.md = docs\references.md
		docs\architecture.md = docs\architecture.md
	EndProjectSection
EndProject
Project("{FAE04EC0-301F-11D3-BF4B-00C04F79EFBC}") = "LOCKnet.App", "src\LOCKnet.App\LOCKnet.App.csproj", "{DC04819C-91EC-4A06-A494-AAB7FBF13DD8}"
EndProject
Project("{FAE04EC0-301F-11D3-BF4B-00C04F79EFBC}") = "LOCKnet.CLI", "src\LOCKnet.CLI\LOCKnet.CLI.csproj", "{59855357-A89A-4D0E-80AC-3593A8B7EFF8}"
EndProject
Project("{FAE04EC0-301F-11D3-BF4B-00C04F79EFBC}") = "LOCKnet.Core", "src\LOCKnet.Core\LOCKnet.Core.csproj", "{43F8DDA3-65AC-42EF-988F-CF3EB4B59B33}"
EndProject
Project("{FAE04EC0-301F-11D3-BF4B-00C04F79EFBC}") = "LOCKnet.Data", "src\LOCKnet.Data\LOCKnet.Data.csproj", "{AF9ED371-48BE-49E9-9E16-80CCBA62E384}"
EndProject
Project("{FAE04EC0-301F-11D3-BF4B-00C04F79EFBC}") = "LOCKnet.Core.Tests", "tests\LOCKnet.Core.Tests\LOCKnet.Core.Tests.csproj", "{E20D6CBD-ACE0-4B1D-81D3-49952E9C9878}"
EndProject
Project("{FAE04EC0-301F-11D3-BF4B-00C04F79EFBC}") = "LOCKnet.Data.Tests", "tests\LOCKnet.Data.Tests\LOCKnet.Data.Tests.csproj", "{CD145826-9C9A-4B19-844B-FAEA75191153}"
EndProject
Global
	GlobalSection(SolutionConfigurationPlatforms) = preSolution
		Debug|Any CPU = Debug|Any CPU
		Release|Any CPU = Release|Any CPU
	EndGlobalSection
	GlobalSection(NestedProjects) = preSolution
		{DC04819C-91EC-4A06-A494-AAB7FBF13DD8} = {B22FB6B5-2618-4147-AD84-A583629846F2}
		{59855357-A89A-4D0E-80AC-3593A8B7EFF8} = {B22FB6B5-2618-4147-AD84-A583629846F2}
		{43F8DDA3-65AC-42EF-988F-CF3EB4B59B33} = {B22FB6B5-2618-4147-AD84-A583629846F2}
		{AF9ED371-48BE-49E9-9E16-80CCBA62E384} = {B22FB6B5-2618-4147-AD84-A583629846F2}
		{E20D6CBD-ACE0-4B1D-81D3-49952E9C9878} = {E8D2784D-5971-4B01-A40F-274A1298ECE3}
		{CD145826-9C9A-4B19-844B-FAEA75191153} = {E8D2784D-5971-4B01-A40F-274A1298ECE3}
	EndGlobalSection
	GlobalSection(ProjectConfigurationPlatforms) = postSolution
		{DC04819C-91EC-4A06-A494-AAB7FBF13DD8}.Debug|Any CPU.ActiveCfg = Debug|Any CPU
		{DC04819C-91EC-4A06-A494-AAB7FBF13DD8}.Debug|Any CPU.Build.0 = Debug|Any CPU
		{DC04819C-91EC-4A06-A494-AAB7FBF13DD8}.Release|Any CPU.ActiveCfg = Release|Any CPU
		{DC04819C-91EC-4A06-A494-AAB7FBF13DD8}.Release|Any CPU.Build.0 = Release|Any CPU
		{59855357-A89A-4D0E-80AC-3593A8B7EFF8}.Debug|Any CPU.ActiveCfg = Debug|Any CPU
		{59855357-A89A-4D0E-80AC-3593A8B7EFF8}.Debug|Any CPU.Build.0 = Debug|Any CPU
		{59855357-A89A-4D0E-80AC-3593A8B7EFF8}.Release|Any CPU.ActiveCfg = Release|Any CPU
		{59855357-A89A-4D0E-80AC-3593A8B7EFF8}.Release|Any CPU.Build.0 = Release|Any CPU
		{43F8DDA3-65AC-42EF-988F-CF3EB4B59B33}.Debug|Any CPU.ActiveCfg = Debug|Any CPU
		{43F8DDA3-65AC-42EF-988F-CF3EB4B59B33}.Debug|Any CPU.Build.0 = Debug|Any CPU
		{43F8DDA3-65AC-42EF-988F-CF3EB4B59B33}.Release|Any CPU.ActiveCfg = Release|Any CPU
		{43F8DDA3-65AC-42EF-988F-CF3EB4B59B33}.Release|Any CPU.Build.0 = Release|Any CPU
		{AF9ED371-48BE-49E9-9E16-80CCBA62E384}.Debug|Any CPU.ActiveCfg = Debug|Any CPU
		{AF9ED371-48BE-49E9-9E16-80CCBA62E384}.Debug|Any CPU.Build.0 = Debug|Any CPU
		{AF9ED371-48BE-49E9-9E16-80CCBA62E384}.Release|Any CPU.ActiveCfg = Release|Any CPU
		{AF9ED371-48BE-49E9-9E16-80CCBA62E384}.Release|Any CPU.Build.0 = Release|Any CPU
		{E20D6CBD-ACE0-4B1D-81D3-49952E9C9878}.Debug|Any CPU.ActiveCfg = Debug|Any CPU
		{E20D6CBD-ACE0-4B1D-81D3-49952E9C9878}.Debug|Any CPU.Build.0 = Debug|Any CPU
		{E20D6CBD-ACE0-4B1D-81D3-49952E9C9878}.Release|Any CPU.ActiveCfg = Release|Any CPU
		{E20D6CBD-ACE0-4B1D-81D3-49952E9C9878}.Release|Any CPU.Build.0 = Release|Any CPU
		{CD145826-9C9A-4B19-844B-FAEA75191153}.Debug|Any CPU.ActiveCfg = Debug|Any CPU
		{CD145826-9C9A-4B19-844B-FAEA75191153}.Debug|Any CPU.Build.0 = Debug|Any CPU
		{CD145826-9C9A-4B19-844B-FAEA75191153}.Release|Any CPU.ActiveCfg = Release|Any CPU
		{CD145826-9C9A-4B19-844B-FAEA75191153}.Release|Any CPU.Build.0 = Release|Any CPU
	EndGlobalSection
EndGlobal
